// !$*UTF8*$!
{
	archiveVersion = 1;
	classes = {
	};
	objectVersion = 50;
	objects = {

/* Begin PBXBuildFile section */
		2913E1112132ABB1003659C2 /* main.cpp in Sources */ = {isa = PBXBuildFile; fileRef = 2913E1102132ABB1003659C2 /* main.cpp */; };
		2913E1192132ABDA003659C2 /* mem.cpp in Sources */ = {isa = PBXBuildFile; fileRef = 2913E1172132ABDA003659C2 /* mem.cpp */; };
		29A564C0214E5C810063A33E /* constants.cpp in Sources */ = {isa = PBXBuildFile; fileRef = 29A564BF214E5C810063A33E /* constants.cpp */; };
		29C8B393217B94160096CB60 /* trainer.cpp in Sources */ = {isa = PBXBuildFile; fileRef = 29C8B391217B94160096CB60 /* trainer.cpp */; };
		29C8B396217B99290096CB60 /* player.cpp in Sources */ = {isa = PBXBuildFile; fileRef = 29C8B394217B99290096CB60 /* player.cpp */; };
/* End PBXBuildFile section */

/* Begin PBXCopyFilesBuildPhase section */
		2913E10B2132ABB1003659C2 /* CopyFiles */ = {
			isa = PBXCopyFilesBuildPhase;
			buildActionMask = 2147483647;
			dstPath = /usr/share/man/man1/;
			dstSubfolderSpec = 0;
			files = (
			);
			runOnlyForDeploymentPostprocessing = 1;
		};
/* End PBXCopyFilesBuildPhase section */

/* Begin PBXFileReference section */
		2913E10D2132ABB1003659C2 /* Headshot */ = {isa = PBXFileReference; explicitFileType = "compiled.mach-o.executable"; includeInIndex = 0; path = Headshot; sourceTree = BUILT_PRODUCTS_DIR; };
		2913E1102132ABB1003659C2 /* main.cpp */ = {isa = PBXFileReference; lastKnownFileType = sourcecode.cpp.cpp; path = main.cpp; sourceTree = "<group>"; };
		2913E1172132ABDA003659C2 /* mem.cpp */ = {isa = PBXFileReference; lastKnownFileType = sourcecode.cpp.cpp; path = mem.cpp; sourceTree = "<group>"; };
		2913E1182132ABDA003659C2 /* mem.hpp */ = {isa = PBXFileReference; lastKnownFileType = sourcecode.cpp.h; path = mem.hpp; sourceTree = "<group>"; };
		29A564BE214E59470063A33E /* constants.hpp */ = {isa = PBXFileReference; lastKnownFileType = sourcecode.cpp.h; path = constants.hpp; sourceTree = "<group>"; };
		29A564BF214E5C810063A33E /* constants.cpp */ = {isa = PBXFileReference; lastKnownFileType = sourcecode.cpp.cpp; path = constants.cpp; sourceTree = "<group>"; };
		29C8B391217B94160096CB60 /* trainer.cpp */ = {isa = PBXFileReference; lastKnownFileType = sourcecode.cpp.cpp; path = trainer.cpp; sourceTree = "<group>"; };
		29C8B392217B94160096CB60 /* trainer.hpp */ = {isa = PBXFileReference; lastKnownFileType = sourcecode.cpp.h; path = trainer.hpp; sourceTree = "<group>"; };
		29C8B394217B99290096CB60 /* player.cpp */ = {isa = PBXFileReference; lastKnownFileType = sourcecode.cpp.cpp; path = player.cpp; sourceTree = "<group>"; };
		29C8B395217B99290096CB60 /* player.hpp */ = {isa = PBXFileReference; lastKnownFileType = sourcecode.cpp.h; path = player.hpp; sourceTree = "<group>"; };
/* End PBXFileReference section */

/* Begin PBXFrameworksBuildPhase section */
		2913E10A2132ABB1003659C2 /* Frameworks */ = {
			isa = PBXFrameworksBuildPhase;
			buildActionMask = 2147483647;
			files = (
			);
			runOnlyForDeploymentPostprocessing = 0;
		};
/* End PBXFrameworksBuildPhase section */

/* Begin PBXGroup section */
		2913E1042132ABB1003659C2 = {
			isa = PBXGroup;
			children = (
				2913E10F2132ABB1003659C2 /* Headshot */,
				2913E10E2132ABB1003659C2 /* Products */,
				29BDA0042163F20C00239373 /* Frameworks */,
			);
			sourceTree = "<group>";
		};
		2913E10E2132ABB1003659C2 /* Products */ = {
			isa = PBXGroup;
			children = (
				2913E10D2132ABB1003659C2 /* Headshot */,
			);
			name = Products;
			sourceTree = "<group>";
		};
		2913E10F2132ABB1003659C2 /* Headshot */ = {
			isa = PBXGroup;
			children = (
				2913E1102132ABB1003659C2 /* main.cpp */,
				2913E1172132ABDA003659C2 /* mem.cpp */,
				2913E1182132ABDA003659C2 /* mem.hpp */,
				29A564BE214E59470063A33E /* constants.hpp */,
				29A564BF214E5C810063A33E /* constants.cpp */,
				29C8B391217B94160096CB60 /* trainer.cpp */,
				29C8B392217B94160096CB60 /* trainer.hpp */,
				29C8B394217B99290096CB60 /* player.cpp */,
				29C8B395217B99290096CB60 /* player.hpp */,
			);
			path = Headshot;
			sourceTree = "<group>";
		};
		29BDA0042163F20C00239373 /* Frameworks */ = {
			isa = PBXGroup;
			children = (
			);
			name = Frameworks;
			sourceTree = "<group>";
		};
/* End PBXGroup section */

/* Begin PBXNativeTarget section */
		2913E10C2132ABB1003659C2 /* Headshot */ = {
			isa = PBXNativeTarget;
			buildConfigurationList = 2913E1142132ABB1003659C2 /* Build configuration list for PBXNativeTarget "Headshot" */;
			buildPhases = (
				2913E1092132ABB1003659C2 /* Sources */,
				2913E10A2132ABB1003659C2 /* Frameworks */,
				2913E10B2132ABB1003659C2 /* CopyFiles */,
			);
			buildRules = (
			);
			dependencies = (
			);
			name = Headshot;
			productName = Headshot;
			productReference = 2913E10D2132ABB1003659C2 /* Headshot */;
			productType = "com.apple.product-type.tool";
		};
/* End PBXNativeTarget section */

/* Begin PBXProject section */
		2913E1052132ABB1003659C2 /* Project object */ = {
			isa = PBXProject;
			attributes = {
				LastUpgradeCheck = 0940;
				ORGANIZATIONNAME = "Jai  Verma";
				TargetAttributes = {
					2913E10C2132ABB1003659C2 = {
						CreatedOnToolsVersion = 9.4.1;
					};
				};
			};
			buildConfigurationList = 2913E1082132ABB1003659C2 /* Build configuration list for PBXProject "Headshot" */;
			compatibilityVersion = "Xcode 9.3";
			developmentRegion = en;
			hasScannedForEncodings = 0;
			knownRegions = (
				en,
			);
			mainGroup = 2913E1042132ABB1003659C2;
			productRefGroup = 2913E10E2132ABB1003659C2 /* Products */;
			projectDirPath = "";
			projectRoot = "";
			targets = (
				2913E10C2132ABB1003659C2 /* Headshot */,
			);
		};
/* End PBXProject section */

/* Begin PBXSourcesBuildPhase section */
		2913E1092132ABB1003659C2 /* Sources */ = {
			isa = PBXSourcesBuildPhase;
			buildActionMask = 2147483647;
			files = (
				2913E1112132ABB1003659C2 /* main.cpp in Sources */,
				29C8B396217B99290096CB60 /* player.cpp in Sources */,
				29C8B393217B94160096CB60 /* trainer.cpp in Sources */,
				2913E1192132ABDA003659C2 /* mem.cpp in Sources */,
				29A564C0214E5C810063A33E /* constants.cpp in Sources */,
			);
			runOnlyForDeploymentPostprocessing = 0;
		};
/* End PBXSourcesBuildPhase section */

/* Begin XCBuildConfiguration section */
		2913E1122132ABB1003659C2 /* Debug */ = {
			isa = XCBuildConfiguration;
			buildSettings = {
				ALWAYS_SEARCH_USER_PATHS = NO;
				CLANG_ANALYZER_NONNULL = YES;
				CLANG_ANALYZER_NUMBER_OBJECT_CONVERSION = YES_AGGRESSIVE;
				CLANG_CXX_LANGUAGE_STANDARD = "gnu++14";
				CLANG_CXX_LIBRARY = "libc++";
				CLANG_ENABLE_MODULES = YES;
				CLANG_ENABLE_OBJC_ARC = YES;
				CLANG_ENABLE_OBJC_WEAK = YES;
				CLANG_WARN_BLOCK_CAPTURE_AUTORELEASING = YES;
				CLANG_WARN_BOOL_CONVERSION = YES;
				CLANG_WARN_COMMA = YES;
				CLANG_WARN_CONSTANT_CONVERSION = YES;
				CLANG_WARN_DEPRECATED_OBJC_IMPLEMENTATIONS = YES;
				CLANG_WARN_DIRECT_OBJC_ISA_USAGE = YES_ERROR;
				CLANG_WARN_DOCUMENTATION_COMMENTS = YES;
				CLANG_WARN_EMPTY_BODY = YES;
				CLANG_WARN_ENUM_CONVERSION = YES;
				CLANG_WARN_INFINITE_RECURSION = YES;
				CLANG_WARN_INT_CONVERSION = YES;
				CLANG_WARN_NON_LITERAL_NULL_CONVERSION = YES;
				CLANG_WARN_OBJC_IMPLICIT_RETAIN_SELF = YES;
				CLANG_WARN_OBJC_LITERAL_CONVERSION = YES;
				CLANG_WARN_OBJC_ROOT_CLASS = YES_ERROR;
				CLANG_WARN_RANGE_LOOP_ANALYSIS = YES;
				CLANG_WARN_STRICT_PROTOTYPES = YES;
				CLANG_WARN_SUSPICIOUS_MOVE = YES;
				CLANG_WARN_UNGUARDED_AVAILABILITY = YES_AGGRESSIVE;
				CLANG_WARN_UNREACHABLE_CODE = YES;
				CLANG_WARN__DUPLICATE_METHOD_MATCH = YES;
				CODE_SIGN_IDENTITY = "Mac Developer";
				COPY_PHASE_STRIP = NO;
				DEBUG_INFORMATION_FORMAT = dwarf;
				ENABLE_STRICT_OBJC_MSGSEND = YES;
				ENABLE_TESTABILITY = YES;
				GCC_C_LANGUAGE_STANDARD = gnu11;
				GCC_DYNAMIC_NO_PIC = NO;
				GCC_NO_COMMON_BLOCKS = YES;
				GCC_OPTIMIZATION_LEVEL = 0;
				GCC_PREPROCESSOR_DEFINITIONS = (
					"DEBUG=1",
					"$(inherited)",
				);
				GCC_WARN_64_TO_32_BIT_CONVERSION = YES;
				GCC_WARN_ABOUT_RETURN_TYPE = YES_ERROR;
				GCC_WARN_UNDECLARED_SELECTOR = YES;
				GCC_WARN_UNINITIALIZED_AUTOS = YES_AGGRESSIVE;
				GCC_WARN_UNUSED_FUNCTION = YES;
				GCC_WARN_UNUSED_VARIABLE = YES;
				MACOSX_DEPLOYMENT_TARGET = 10.13;
				MTL_ENABLE_DEBUG_INFO = YES;
				ONLY_ACTIVE_ARCH = YES;
				SDKROOT = macosx;
			};
			name = Debug;
		};
		2913E1132132ABB1003659C2 /* Release */ = {
			isa = XCBuildConfiguration;
			buildSettings = {
				ALWAYS_SEARCH_USER_PATHS = NO;
				CLANG_ANALYZER_NONNULL = YES;
				CLANG_ANALYZER_NUMBER_OBJECT_CONVERSION = YES_AGGRESSIVE;
				CLANG_CXX_LANGUAGE_STANDARD = "gnu++14";
				CLANG_CXX_LIBRARY = "libc++";
				CLANG_ENABLE_MODULES = YES;
				CLANG_ENABLE_OBJC_ARC = YES;
				CLANG_ENABLE_OBJC_WEAK = YES;
				CLANG_WARN_BLOCK_CAPTURE_AUTORELEASING = YES;
				CLANG_WARN_BOOL_CONVERSION = YES;
				CLANG_WARN_COMMA = YES;
				CLANG_WARN_CONSTANT_CONVERSION = YES;
				CLANG_WARN_DEPRECATED_OBJC_IMPLEMENTATIONS = YES;
				CLANG_WARN_DIRECT_OBJC_ISA_USAGE = YES_ERROR;
				CLANG_WARN_DOCUMENTATION_COMMENTS = YES;
				CLANG_WARN_EMPTY_BODY = YES;
				CLANG_WARN_ENUM_CONVERSION = YES;
				CLANG_WARN_INFINITE_RECURSION = YES;
				CLANG_WARN_INT_CONVERSION = YES;
				CLANG_WARN_NON_LITERAL_NULL_CONVERSION = YES;
				CLANG_WARN_OBJC_IMPLICIT_RETAIN_SELF = YES;
				CLANG_WARN_OBJC_LITERAL_CONVERSION = YES;
				CLANG_WARN_OBJC_ROOT_CLASS = YES_ERROR;
				CLANG_WARN_RANGE_LOOP_ANALYSIS = YES;
				CLANG_WARN_STRICT_PROTOTYPES = YES;
				CLANG_WARN_SUSPICIOUS_MOVE = YES;
				CLANG_WARN_UNGUARDED_AVAILABILITY = YES_AGGRESSIVE;
				CLANG_WARN_UNREACHABLE_CODE = YES;
				CLANG_WARN__DUPLICATE_METHOD_MATCH = YES;
				CODE_SIGN_IDENTITY = "Mac Developer";
				COPY_PHASE_STRIP = NO;
				DEBUG_INFORMATION_FORMAT = "dwarf-with-dsym";
				ENABLE_NS_ASSERTIONS = NO;
				ENABLE_STRICT_OBJC_MSGSEND = YES;
				GCC_C_LANGUAGE_STANDARD = gnu11;
				GCC_NO_COMMON_BLOCKS = YES;
				GCC_WARN_64_TO_32_BIT_CONVERSION = YES;
				GCC_WARN_ABOUT_RETURN_TYPE = YES_ERROR;
				GCC_WARN_UNDECLARED_SELECTOR = YES;
				GCC_WARN_UNINITIALIZED_AUTOS = YES_AGGRESSIVE;
				GCC_WARN_UNUSED_FUNCTION = YES;
				GCC_WARN_UNUSED_VARIABLE = YES;
				MACOSX_DEPLOYMENT_TARGET = 10.13;
				MTL_ENABLE_DEBUG_INFO = NO;
				SDKROOT = macosx;
			};
			name = Release;
		};
		2913E1152132ABB1003659C2 /* Debug */ = {
			isa = XCBuildConfiguration;
			buildSettings = {
				ARCHS = i386;
				CODE_SIGN_STYLE = Automatic;
				DEVELOPMENT_TEAM = HGYS8WABYY;
				PRODUCT_NAME = "$(TARGET_NAME)";
				VALID_ARCHS = i386;
			};
			name = Debug;
		};
		2913E1162132ABB1003659C2 /* Release */ = {
			isa = XCBuildConfiguration;
			buildSettings = {
				ARCHS = i386;
				CODE_SIGN_STYLE = Automatic;
				DEVELOPMENT_TEAM = HGYS8WABYY;
				PRODUCT_NAME = "$(TARGET_NAME)";
				VALID_ARCHS = i386;
			};
			name = Release;
		};
/* End XCBuildConfiguration section */

/* Begin XCConfigurationList section */
		2913E1082132ABB1003659C2 /* Build configuration list for PBXProject "Headshot" */ = {
			isa = XCConfigurationList;
			buildConfigurations = (
				2913E1122132ABB1003659C2 /* Debug */,
				2913E1132132ABB1003659C2 /* Release */,
			);
			defaultConfigurationIsVisible = 0;
			defaultConfigurationName = Release;
		};
		2913E1142132ABB1003659C2 /* Build configuration list for PBXNativeTarget "Headshot" */ = {
			isa = XCConfigurationList;
			buildConfigurations = (
				2913E1152132ABB1003659C2 /* Debug */,
				2913E1162132ABB1003659C2 /* Release */,
			);
			defaultConfigurationIsVisible = 0;
			defaultConfigurationName = Release;
		};
/* End XCConfigurationList section */
	};
	rootObject = 2913E1052132ABB1003659C2 /* Project object */;
}
